{
    "_meta": {
        "hash": {
            "sha256": "6d00782268d36703b9221bed1971020cdec69b63fcf3618414844f9ce69c3bad"
        },
        "pipfile-spec": 6,
        "requires": {
            "python_version": "3.11"
        },
        "sources": [
            {
                "name": "pypi",
                "url": "https://pypi.org/simple",
                "verify_ssl": true
            }
        ]
    },
    "default": {},
    "develop": {
        "asttokens": {
            "hashes": [
                "sha256:051ed49c3dcae8913ea7cd08e46a606dba30b79993209636c4875bc1d637bc24",
                "sha256:b03869718ba9a6eb027e134bfdf69f38a236d681c83c160d510768af11254ba0"
            ],
            "version": "==2.4.1"
        },
        "build": {
            "hashes": [
                "sha256:526263f4870c26f26c433545579475377b2b7588b6f1eac76a001e873ae3e19d",
                "sha256:75e10f767a433d9a86e50d83f418e83efc18ede923ee5ff7df93b6cb0306c5d4"
            ],
            "index": "pypi",
            "markers": "python_version >= '3.8'",
            "version": "==1.2.1"
        },
        "comm": {
            "hashes": [
                "sha256:3fd7a84065306e07bea1773df6eb8282de51ba82f77c72f9c85716ab11fe980e",
                "sha256:e6fb86cb70ff661ee8c9c14e7d36d6de3b4066f1441be4063df9c5009f0a64d3"
            ],
            "markers": "python_version >= '3.8'",
            "version": "==0.2.2"
        },
        "debugpy": {
            "hashes": [
                "sha256:016a9fcfc2c6b57f939673c874310d8581d51a0fe0858e7fac4e240c5eb743cb",
                "sha256:0de56aba8249c28a300bdb0672a9b94785074eb82eb672db66c8144fff673146",
                "sha256:1a9fe0829c2b854757b4fd0a338d93bc17249a3bf69ecf765c61d4c522bb92a8",
                "sha256:28acbe2241222b87e255260c76741e1fbf04fdc3b6d094fcf57b6c6f75ce1242",
                "sha256:3a79c6f62adef994b2dbe9fc2cc9cc3864a23575b6e387339ab739873bea53d0",
                "sha256:3bda0f1e943d386cc7a0e71bfa59f4137909e2ed947fb3946c506e113000f741",
                "sha256:3ebb70ba1a6524d19fa7bb122f44b74170c447d5746a503e36adc244a20ac539",
                "sha256:58911e8521ca0c785ac7a0539f1e77e0ce2df753f786188f382229278b4cdf23",
                "sha256:6df9aa9599eb05ca179fb0b810282255202a66835c6efb1d112d21ecb830ddd3",
                "sha256:7a3afa222f6fd3d9dfecd52729bc2e12c93e22a7491405a0ecbf9e1d32d45b39",
                "sha256:7eb7bd2b56ea3bedb009616d9e2f64aab8fc7000d481faec3cd26c98a964bcdd",
                "sha256:92116039b5500633cc8d44ecc187abe2dfa9b90f7a82bbf81d079fcdd506bae9",
                "sha256:a2e658a9630f27534e63922ebf655a6ab60c370f4d2fc5c02a5b19baf4410ace",
                "sha256:bfb20cb57486c8e4793d41996652e5a6a885b4d9175dd369045dad59eaacea42",
                "sha256:caad2846e21188797a1f17fc09c31b84c7c3c23baf2516fed5b40b378515bbf0",
                "sha256:d915a18f0597ef685e88bb35e5d7ab968964b7befefe1aaea1eb5b2640b586c7",
                "sha256:dda73bf69ea479c8577a0448f8c707691152e6c4de7f0c4dec5a4bc11dee516e",
                "sha256:e38beb7992b5afd9d5244e96ad5fa9135e94993b0c551ceebf3fe1a5d9beb234",
                "sha256:edcc9f58ec0fd121a25bc950d4578df47428d72e1a0d66c07403b04eb93bcf98",
                "sha256:efd3fdd3f67a7e576dd869c184c5dd71d9aaa36ded271939da352880c012e703",
                "sha256:f696d6be15be87aef621917585f9bb94b1dc9e8aced570db1b8a6fc14e8f9b42",
                "sha256:fd97ed11a4c7f6d042d320ce03d83b20c3fb40da892f994bc041bbc415d7a099"
            ],
            "markers": "python_version >= '3.8'",
            "version": "==1.8.1"
        },
        "decorator": {
            "hashes": [
                "sha256:637996211036b6385ef91435e4fae22989472f9d571faba8927ba8253acbc330",
                "sha256:b8c3f85900b9dc423225913c5aace94729fe1fa9763b38939a95226f02d37186"
            ],
            "markers": "python_version >= '3.5'",
            "version": "==5.1.1"
        },
        "executing": {
            "hashes": [
                "sha256:35afe2ce3affba8ee97f2d69927fa823b08b472b7b994e36a52a964b93d16147",
                "sha256:eac49ca94516ccc753f9fb5ce82603156e590b27525a8bc32cce8ae302eb61bc"
            ],
            "markers": "python_version >= '3.5'",
            "version": "==2.0.1"
        },
        "ipykernel": {
            "hashes": [
                "sha256:1181e653d95c6808039c509ef8e67c4126b3b3af7781496c7cbfb5ed938a27da",
                "sha256:3d44070060f9475ac2092b760123fadf105d2e2493c24848b6691a7c4f42af5c"
            ],
            "index": "pypi",
            "markers": "python_version >= '3.8'",
            "version": "==6.29.4"
        },
        "ipython": {
            "hashes": [
                "sha256:07232af52a5ba146dc3372c7bf52a0f890a23edf38d77caef8d53f9cdc2584c1",
                "sha256:7468edaf4f6de3e1b912e57f66c241e6fd3c7099f2ec2136e239e142e800274d"
            ],
            "markers": "python_version >= '3.10'",
            "version": "==8.23.0"
        },
        "jedi": {
            "hashes": [
                "sha256:cf0496f3651bc65d7174ac1b7d043eff454892c708a87d1b683e57b569927ffd",
                "sha256:e983c654fe5c02867aef4cdfce5a2fbb4a50adc0af145f70504238f18ef5e7e0"
            ],
            "markers": "python_version >= '3.6'",
            "version": "==0.19.1"
        },
        "jupyter-client": {
            "hashes": [
                "sha256:3b7bd22f058434e3b9a7ea4b1500ed47de2713872288c0d511d19926f99b459f",
                "sha256:e842515e2bab8e19186d89fdfea7abd15e39dd581f94e399f00e2af5a1652d3f"
            ],
            "markers": "python_version >= '3.8'",
            "version": "==8.6.1"
        },
        "jupyter-core": {
            "hashes": [
                "sha256:4f7315d2f6b4bcf2e3e7cb6e46772eba760ae459cd1f59d29eb57b0a01bd7409",
                "sha256:aa5f8d32bbf6b431ac830496da7392035d6f61b4f54872f15c4bd2a9c3f536d9"
            ],
            "markers": "python_version >= '3.8'",
            "version": "==5.7.2"
        },
        "kafka-python": {
            "hashes": [
                "sha256:04dfe7fea2b63726cd6f3e79a2d86e709d608d74406638c5da33a01d45a9d7e3",
                "sha256:2d92418c7cb1c298fa6c7f0fb3519b520d0d7526ac6cb7ae2a4fc65a51a94b6e"
            ],
            "index": "pypi",
            "version": "==2.0.2"
        },
        "matplotlib-inline": {
            "hashes": [
                "sha256:8423b23ec666be3d16e16b60bdd8ac4e86e840ebd1dd11a30b9f117f2fa0ab90",
                "sha256:df192d39a4ff8f21b1895d72e6a13f5fcc5099f00fa84384e0ea28c2cc0653ca"
            ],
            "markers": "python_version >= '3.8'",
            "version": "==0.1.7"
        },
        "nest-asyncio": {
            "hashes": [
                "sha256:6f172d5449aca15afd6c646851f4e31e02c598d553a667e38cafa997cfec55fe",
                "sha256:87af6efd6b5e897c81050477ef65c62e2b2f35d51703cae01aff2905b1852e1c"
            ],
            "markers": "python_version >= '3.5'",
            "version": "==1.6.0"
        },
        "numpy": {
            "hashes": [
                "sha256:03a8c78d01d9781b28a6989f6fa1bb2c4f2d51201cf99d3dd875df6fbd96b23b",
                "sha256:08beddf13648eb95f8d867350f6a018a4be2e5ad54c8d8caed89ebca558b2818",
                "sha256:1af303d6b2210eb850fcf03064d364652b7120803a0b872f5211f5234b399f20",
                "sha256:1dda2e7b4ec9dd512f84935c5f126c8bd8b9f2fc001e9f54af255e8c5f16b0e0",
                "sha256:2a02aba9ed12e4ac4eb3ea9421c420301a0c6460d9830d74a9df87efa4912010",
                "sha256:2e4ee3380d6de9c9ec04745830fd9e2eccb3e6cf790d39d7b98ffd19b0dd754a",
                "sha256:3373d5d70a5fe74a2c1bb6d2cfd9609ecf686d47a2d7b1d37a8f3b6bf6003aea",
                "sha256:47711010ad8555514b434df65f7d7b076bb8261df1ca9bb78f53d3b2db02e95c",
                "sha256:4c66707fabe114439db9068ee468c26bbdf909cac0fb58686a42a24de1760c71",
                "sha256:50193e430acfc1346175fcbdaa28ffec49947a06918b7b92130744e81e640110",
                "sha256:52b8b60467cd7dd1e9ed082188b4e6bb35aa5cdd01777621a1658910745b90be",
                "sha256:60dedbb91afcbfdc9bc0b1f3f402804070deed7392c23eb7a7f07fa857868e8a",
                "sha256:62b8e4b1e28009ef2846b4c7852046736bab361f7aeadeb6a5b89ebec3c7055a",
                "sha256:666dbfb6ec68962c033a450943ded891bed2d54e6755e35e5835d63f4f6931d5",
                "sha256:675d61ffbfa78604709862923189bad94014bef562cc35cf61d3a07bba02a7ed",
                "sha256:679b0076f67ecc0138fd2ede3a8fd196dddc2ad3254069bcb9faf9a79b1cebcd",
                "sha256:7349ab0fa0c429c82442a27a9673fc802ffdb7c7775fad780226cb234965e53c",
                "sha256:7ab55401287bfec946ced39700c053796e7cc0e3acbef09993a9ad2adba6ca6e",
                "sha256:7e50d0a0cc3189f9cb0aeb3a6a6af18c16f59f004b866cd2be1c14b36134a4a0",
                "sha256:95a7476c59002f2f6c590b9b7b998306fba6a5aa646b1e22ddfeaf8f78c3a29c",
                "sha256:96ff0b2ad353d8f990b63294c8986f1ec3cb19d749234014f4e7eb0112ceba5a",
                "sha256:9fad7dcb1aac3c7f0584a5a8133e3a43eeb2fe127f47e3632d43d677c66c102b",
                "sha256:9ff0f4f29c51e2803569d7a51c2304de5554655a60c5d776e35b4a41413830d0",
                "sha256:a354325ee03388678242a4d7ebcd08b5c727033fcff3b2f536aea978e15ee9e6",
                "sha256:a4abb4f9001ad2858e7ac189089c42178fcce737e4169dc61321660f1a96c7d2",
                "sha256:ab47dbe5cc8210f55aa58e4805fe224dac469cde56b9f731a4c098b91917159a",
                "sha256:afedb719a9dcfc7eaf2287b839d8198e06dcd4cb5d276a3df279231138e83d30",
                "sha256:b3ce300f3644fb06443ee2222c2201dd3a89ea6040541412b8fa189341847218",
                "sha256:b97fe8060236edf3662adfc2c633f56a08ae30560c56310562cb4f95500022d5",
                "sha256:bfe25acf8b437eb2a8b2d49d443800a5f18508cd811fea3181723922a8a82b07",
                "sha256:cd25bcecc4974d09257ffcd1f098ee778f7834c3ad767fe5db785be9a4aa9cb2",
                "sha256:d209d8969599b27ad20994c8e41936ee0964e6da07478d6c35016bc386b66ad4",
                "sha256:d5241e0a80d808d70546c697135da2c613f30e28251ff8307eb72ba696945764",
                "sha256:edd8b5fe47dab091176d21bb6de568acdd906d1887a4584a15a9a96a1dca06ef",
                "sha256:f870204a840a60da0b12273ef34f7051e98c3b5961b61b0c2c1be6dfd64fbcd3",
                "sha256:ffa75af20b44f8dba823498024771d5ac50620e6915abac414251bd971b4529f"
            ],
            "markers": "python_version == '3.11'",
            "version": "==1.26.4"
        },
        "packaging": {
            "hashes": [
                "sha256:2ddfb553fdf02fb784c234c7ba6ccc288296ceabec964ad2eae3777778130bc5",
                "sha256:eb82c5e3e56209074766e6885bb04b8c38a0c015d0a30036ebe7ece34c9989e9"
            ],
            "markers": "python_version >= '3.7'",
            "version": "==24.0"
        },
        "pandas": {
            "hashes": [
                "sha256:001910ad31abc7bf06f49dcc903755d2f7f3a9186c0c040b827e522e9cef0863",
                "sha256:0ca6377b8fca51815f382bd0b697a0814c8bda55115678cbc94c30aacbb6eff2",
                "sha256:0cace394b6ea70c01ca1595f839cf193df35d1575986e484ad35c4aeae7266c1",
                "sha256:1cb51fe389360f3b5a4d57dbd2848a5f033350336ca3b340d1c53a1fad33bcad",
                "sha256:2925720037f06e89af896c70bca73459d7e6a4be96f9de79e2d440bd499fe0db",
                "sha256:3e374f59e440d4ab45ca2fffde54b81ac3834cf5ae2cdfa69c90bc03bde04d76",
                "sha256:40ae1dffb3967a52203105a077415a86044a2bea011b5f321c6aa64b379a3f51",
                "sha256:43498c0bdb43d55cb162cdc8c06fac328ccb5d2eabe3cadeb3529ae6f0517c32",
                "sha256:4abfe0be0d7221be4f12552995e58723c7422c80a659da13ca382697de830c08",
                "sha256:58b84b91b0b9f4bafac2a0ac55002280c094dfc6402402332c0913a59654ab2b",
                "sha256:640cef9aa381b60e296db324337a554aeeb883ead99dc8f6c18e81a93942f5f4",
                "sha256:66b479b0bd07204e37583c191535505410daa8df638fd8e75ae1b383851fe921",
                "sha256:696039430f7a562b74fa45f540aca068ea85fa34c244d0deee539cb6d70aa288",
                "sha256:6d2123dc9ad6a814bcdea0f099885276b31b24f7edf40f6cdbc0912672e22eee",
                "sha256:8635c16bf3d99040fdf3ca3db669a7250ddf49c55dc4aa8fe0ae0fa8d6dcc1f0",
                "sha256:873d13d177501a28b2756375d59816c365e42ed8417b41665f346289adc68d24",
                "sha256:8e5a0b00e1e56a842f922e7fae8ae4077aee4af0acb5ae3622bd4b4c30aedf99",
                "sha256:8e90497254aacacbc4ea6ae5e7a8cd75629d6ad2b30025a4a8b09aa4faf55151",
                "sha256:9057e6aa78a584bc93a13f0a9bf7e753a5e9770a30b4d758b8d5f2a62a9433cd",
                "sha256:90c6fca2acf139569e74e8781709dccb6fe25940488755716d1d354d6bc58bce",
                "sha256:92fd6b027924a7e178ac202cfbe25e53368db90d56872d20ffae94b96c7acc57",
                "sha256:9dfde2a0ddef507a631dc9dc4af6a9489d5e2e740e226ad426a05cabfbd7c8ef",
                "sha256:9e79019aba43cb4fda9e4d983f8e88ca0373adbb697ae9c6c43093218de28b54",
                "sha256:a77e9d1c386196879aa5eb712e77461aaee433e54c68cf253053a73b7e49c33a",
                "sha256:c7adfc142dac335d8c1e0dcbd37eb8617eac386596eb9e1a1b77791cf2498238",
                "sha256:d187d355ecec3629624fccb01d104da7d7f391db0311145817525281e2804d23",
                "sha256:ddf818e4e6c7c6f4f7c8a12709696d193976b591cc7dc50588d3d1a6b5dc8772",
                "sha256:e9b79011ff7a0f4b1d6da6a61aa1aa604fb312d6647de5bad20013682d1429ce",
                "sha256:eee3a87076c0756de40b05c5e9a6069c035ba43e8dd71c379e68cab2c20f16ad"
            ],
            "index": "pypi",
            "markers": "python_version >= '3.9'",
            "version": "==2.2.2"
        },
        "parso": {
            "hashes": [
                "sha256:a418670a20291dacd2dddc80c377c5c3791378ee1e8d12bffc35420643d43f18",
                "sha256:eb3a7b58240fb99099a345571deecc0f9540ea5f4dd2fe14c2a99d6b281ab92d"
            ],
            "markers": "python_version >= '3.6'",
            "version": "==0.8.4"
        },
        "pexpect": {
            "hashes": [
                "sha256:7236d1e080e4936be2dc3e326cec0af72acf9212a7e1d060210e70a47e253523",
                "sha256:ee7d41123f3c9911050ea2c2dac107568dc43b2d3b0c7557a33212c398ead30f"
            ],
            "markers": "sys_platform != 'win32' and sys_platform != 'emscripten'",
            "version": "==4.9.0"
        },
        "platformdirs": {
            "hashes": [
                "sha256:0614df2a2f37e1a662acbd8e2b25b92ccf8632929bc6d43467e17fe89c75e068",
                "sha256:ef0cc731df711022c174543cb70a9b5bd22e5a9337c8624ef2c2ceb8ddad8768"
            ],
            "markers": "python_version >= '3.8'",
            "version": "==4.2.0"
        },
        "prompt-toolkit": {
            "hashes": [
                "sha256:3527b7af26106cbc65a040bcc84839a3566ec1b051bb0bfe953631e704b0ff7d",
                "sha256:a11a29cb3bf0a28a387fe5122cdb649816a957cd9261dcedf8c9f1fef33eacf6"
            ],
            "markers": "python_full_version >= '3.7.0'",
            "version": "==3.0.43"
        },
        "psutil": {
            "hashes": [
                "sha256:02615ed8c5ea222323408ceba16c60e99c3f91639b07da6373fb7e6539abc56d",
                "sha256:05806de88103b25903dff19bb6692bd2e714ccf9e668d050d144012055cbca73",
                "sha256:26bd09967ae00920df88e0352a91cff1a78f8d69b3ecabbfe733610c0af486c8",
                "sha256:27cc40c3493bb10de1be4b3f07cae4c010ce715290a5be22b98493509c6299e2",
                "sha256:36f435891adb138ed3c9e58c6af3e2e6ca9ac2f365efe1f9cfef2794e6c93b4e",
                "sha256:50187900d73c1381ba1454cf40308c2bf6f34268518b3f36a9b663ca87e65e36",
                "sha256:611052c4bc70432ec770d5d54f64206aa7203a101ec273a0cd82418c86503bb7",
                "sha256:6be126e3225486dff286a8fb9a06246a5253f4c7c53b475ea5f5ac934e64194c",
                "sha256:7d79560ad97af658a0f6adfef8b834b53f64746d45b403f225b85c5c2c140eee",
                "sha256:8cb6403ce6d8e047495a701dc7c5bd788add903f8986d523e3e20b98b733e421",
                "sha256:8db4c1b57507eef143a15a6884ca10f7c73876cdf5d51e713151c1236a0e68cf",
                "sha256:aee678c8720623dc456fa20659af736241f575d79429a0e5e9cf88ae0605cc81",
                "sha256:bc56c2a1b0d15aa3eaa5a60c9f3f8e3e565303b465dbf57a1b730e7a2b9844e0",
                "sha256:bd1184ceb3f87651a67b2708d4c3338e9b10c5df903f2e3776b62303b26cb631",
                "sha256:d06016f7f8625a1825ba3732081d77c94589dca78b7a3fc072194851e88461a4",
                "sha256:d16bbddf0693323b8c6123dd804100241da461e41d6e332fb0ba6058f630f8c8"
            ],
            "markers": "python_version >= '2.7' and python_version not in '3.0, 3.1, 3.2, 3.3, 3.4, 3.5'",
            "version": "==5.9.8"
        },
        "ptyprocess": {
            "hashes": [
                "sha256:4b41f3967fce3af57cc7e94b888626c18bf37a083e3651ca8feeb66d492fef35",
                "sha256:5c5d0a3b48ceee0b48485e0c26037c0acd7d29765ca3fbb5cb3831d347423220"
            ],
            "version": "==0.7.0"
        },
        "pure-eval": {
            "hashes": [
                "sha256:01eaab343580944bc56080ebe0a674b39ec44a945e6d09ba7db3cb8cec289350",
                "sha256:2b45320af6dfaa1750f543d714b6d1c520a1688dec6fd24d339063ce0aaa9ac3"
            ],
            "version": "==0.2.2"
        },
        "py4j": {
            "hashes": [
                "sha256:0b6e5315bb3ada5cf62ac651d107bb2ebc02def3dee9d9548e3baac644ea8dbb",
                "sha256:85defdfd2b2376eb3abf5ca6474b51ab7e0de341c75a02f46dc9b5976f5a5c1b"
            ],
            "version": "==0.10.9.7"
        },
        "pygments": {
            "hashes": [
                "sha256:b27c2826c47d0f3219f29554824c30c5e8945175d888647acd804ddd04af846c",
                "sha256:da46cec9fd2de5be3a8a784f434e4c4ab670b4ff54d605c4c2717e9d49c4c367"
            ],
            "markers": "python_version >= '3.7'",
            "version": "==2.17.2"
        },
        "pyproject-hooks": {
            "hashes": [
                "sha256:283c11acd6b928d2f6a7c73fa0d01cb2bdc5f07c57a2eeb6e83d5e56b97976f8",
                "sha256:f271b298b97f5955d53fb12b72c1fb1948c22c1a6b70b315c54cedaca0264ef5"
            ],
            "markers": "python_version >= '3.7'",
            "version": "==1.0.0"
        },
        "pyspark": {
            "hashes": [
                "sha256:dd6569e547365eadc4f887bf57f153e4d582a68c4b490de475d55b9981664910"
            ],
            "index": "pypi",
            "markers": "python_version >= '3.8'",
            "version": "==3.5.1"
        },
        "python-dateutil": {
            "hashes": [
                "sha256:37dd54208da7e1cd875388217d5e00ebd4179249f90fb72437e91a35459a0ad3",
                "sha256:a8b2bc7bffae282281c8140a97d3aa9c14da0b136dfe83f850eea9a5f7470427"
            ],
            "markers": "python_version >= '2.7' and python_version not in '3.0, 3.1, 3.2, 3.3'",
            "version": "==2.9.0.post0"
        },
        "pytz": {
            "hashes": [
                "sha256:2a29735ea9c18baf14b448846bde5a48030ed267578472d8955cd0e7443a9812",
                "sha256:328171f4e3623139da4983451950b28e95ac706e13f3f2630a879749e7a8b319"
            ],
            "version": "==2024.1"
        },
        "pyzmq": {
            "hashes": [
                "sha256:0a6ceaddc830dd3ca86cb8451cf373d1f05215368e11834538c2902ed5205139",
                "sha256:0c0fed8aa9ba0488ee1cbdaa304deea92d52fab43d373297002cfcc69c0a20c5",
                "sha256:0fa1416876194927f7723d6b7171b95e1115602967fc6bfccbc0d2d51d8ebae1",
                "sha256:166c5e41045939a52c01e6f374e493d9a6a45dfe677360d3e7026e38c42e8906",
                "sha256:18dfffe23751edee917764ffa133d5d3fef28dfd1cf3adebef8c90bc854c74c4",
                "sha256:1a60a03b01e8c9c58932ec0cca15b1712d911c2800eb82d4281bc1ae5b6dad50",
                "sha256:1c3d3c92fa54eda94ab369ca5b8d35059987c326ba5e55326eb068862f64b1fc",
                "sha256:1c60fcdfa3229aeee4291c5d60faed3a813b18bdadb86299c4bf49e8e51e8605",
                "sha256:1dd40d586ad6f53764104df6e01810fe1b4e88fd353774629a5e6fe253813f79",
                "sha256:264ee0e72b72ca59279dc320deab5ae0fac0d97881aed1875ce4bde2e56ffde0",
                "sha256:26721fec65846b3e4450dad050d67d31b017f97e67f7e0647b5f98aa47f828cf",
                "sha256:2740fd7161b39e178554ebf21aa5667a1c9ef0cd2cb74298fd4ef017dae7aec4",
                "sha256:3152bbd3a4744cbdd83dfb210ed701838b8b0c9065cef14671d6d91df12197d0",
                "sha256:35391e72df6c14a09b697c7b94384947c1dd326aca883ff98ff137acdf586c33",
                "sha256:37e7edfa6cf96d036a403775c96afa25058d1bb940a79786a9a2fc94a783abe3",
                "sha256:3ada31cb879cd7532f4a85b501f4255c747d4813ab76b35c49ed510ce4865b45",
                "sha256:3eee4c676af1b109f708d80ef0cf57ecb8aaa5900d1edaf90406aea7e0e20e37",
                "sha256:40bd7ebe4dbb37d27f0c56e2a844f360239343a99be422085e13e97da13f73f9",
                "sha256:44c33ebd1c62a01db7fbc24e18bdda569d6639217d13d5929e986a2b0f69070d",
                "sha256:450ec234736732eb0ebeffdb95a352450d4592f12c3e087e2a9183386d22c8bf",
                "sha256:45f0fd82bad4d199fa993fbf0ac586a7ac5879addbe436a35a389df7e0eb4c91",
                "sha256:47c17d5ebfa88ae90f08960c97b49917098665b8cd8be31f2c24e177bcf37a0f",
                "sha256:48f496bbe14686b51cec15406323ae6942851e14022efd7fc0e2ecd092c5982c",
                "sha256:4ef9a79a48794099c57dc2df00340b5d47c5caa1792f9ddb8c7a26b1280bd575",
                "sha256:52589f0a745ef61b9c75c872cf91f8c1f7c0668eb3dd99d7abd639d8c0fb9ca7",
                "sha256:55353b8189adcfc4c125fc4ce59d477744118e9c0ec379dd0999c5fa120ac4f5",
                "sha256:5d6aea92bcccfe5e5524d3c70a6f16ffdae548390ddad26f4207d55c55a40593",
                "sha256:5ff56c76ce77b9805378a7a73032c17cbdb1a5b84faa1df03c5d3e306e5616df",
                "sha256:606b922699fcec472ed814dda4dc3ff7c748254e0b26762a0ba21a726eb1c107",
                "sha256:6472a73bc115bc40a2076609a90894775abe6faf19a78375675a2f889a613071",
                "sha256:653955c6c233e90de128a1b8e882abc7216f41f44218056bd519969c8c413a15",
                "sha256:6926dd14cfe6967d3322640b6d5c3c3039db71716a5e43cca6e3b474e73e0b36",
                "sha256:6a967681463aa7a99eb9a62bb18229b653b45c10ff0947b31cc0837a83dfb86f",
                "sha256:6cb2e41af165e5f327d06fbdd79a42a4e930267fade4e9f92d17f3ccce03f3a7",
                "sha256:6d03da3a0ae691b361edcb39530075461202f699ce05adbb15055a0e1c9bcaa4",
                "sha256:6e8dd2961462e337e21092ec2da0c69d814dcb1b6e892955a37444a425e9cfb8",
                "sha256:6f8e6bd5d066be605faa9fe5ec10aa1a46ad9f18fc8646f2b9aaefc8fb575742",
                "sha256:70770e296a9cb03d955540c99360aab861cbb3cba29516abbd106a15dbd91268",
                "sha256:7753c67c570d7fc80c2dc59b90ca1196f1224e0e2e29a548980c95fe0fe27fc1",
                "sha256:7a15e5465e7083c12517209c9dd24722b25e9b63c49a563922922fc03554eb35",
                "sha256:7bf51970b11d67096bede97cdbad0f4333f7664f4708b9b2acb352bf4faa3140",
                "sha256:83ec17729cf6d3464dab98a11e98294fcd50e6b17eaabd3d841515c23f6dbd3a",
                "sha256:86531e20de249d9204cc6d8b13d5a30537748c78820215161d8a3b9ea58ca111",
                "sha256:867f55e54aff254940bcec5eec068e7c0ac1e6bf360ab91479394a8bf356b0e6",
                "sha256:88896b1b4817d7b2fe1ec7205c4bbe07bf5d92fb249bf2d226ddea8761996068",
                "sha256:8a98b3cb0484b83c19d8fb5524c8a469cd9f10e743f5904ac285d92678ee761f",
                "sha256:8d4e51632e6b12e65e8d9d7612446ecda2eda637a868afa7bce16270194650dd",
                "sha256:8da0ed8a598693731c76659880a668f4748b59158f26ed283a93f7f04d47447e",
                "sha256:903cc7a84a7d4326b43755c368780800e035aa3d711deae84a533fdffa8755b0",
                "sha256:949067079e14ea1973bd740255e0840118c163d4bce8837f539d749f145cf5c3",
                "sha256:9bce298c1ce077837e110367c321285dc4246b531cde1abfc27e4a5bbe2bed4d",
                "sha256:aa5f95d71b6eca9cec28aa0a2f8310ea53dea313b63db74932879ff860c1fb8d",
                "sha256:ac04f904b4fce4afea9cdccbb78e24d468cb610a839d5a698853e14e2a3f9ecf",
                "sha256:ac60a980f07fa988983f7bfe6404ef3f1e4303f5288a01713bc1266df6d18783",
                "sha256:b4dbc033c5ad46f8c429bf238c25a889b8c1d86bfe23a74e1031a991cb3f0000",
                "sha256:b7b6d2a46c7afe2ad03ec8faf9967090c8ceae85c4d8934d17d7cae6f9062b64",
                "sha256:ba77fe84fe4f5f3dc0ef681a6d366685c8ffe1c8439c1d7530997b05ac06a04b",
                "sha256:bab697fc1574fee4b81da955678708567c43c813c84c91074e452bda5346c921",
                "sha256:bdbc7dab0b0e9c62c97b732899c4242e3282ba803bad668e03650b59b165466e",
                "sha256:becd8d8fb068fbb5a52096efd83a2d8e54354383f691781f53a4c26aee944542",
                "sha256:bf77601d75ca692c179154b7e5943c286a4aaffec02c491afe05e60493ce95f2",
                "sha256:c40b09b7e184d6e3e1be1c8af2cc320c0f9f610d8a5df3dd866e6e6e4e32b235",
                "sha256:c770a7545b3deca2db185b59175e710a820dd4ed43619f4c02e90b0e227c6252",
                "sha256:c7cc8cc009e8f6989a6d86c96f87dae5f5fb07d6c96916cdc7719d546152c7db",
                "sha256:d420d856bf728713874cefb911398efe69e1577835851dd297a308a78c14c249",
                "sha256:d47175f0a380bfd051726bc5c0054036ae4a5d8caf922c62c8a172ccd95c1a2a",
                "sha256:d509685d1cd1d018705a811c5f9d5bc237790936ead6d06f6558b77e16cc7235",
                "sha256:d566e859e8b8d5bca08467c093061774924b3d78a5ba290e82735b2569edc84b",
                "sha256:d6c38806f6ecd0acf3104b8d7e76a206bcf56dadd6ce03720d2fa9d9157d5718",
                "sha256:d792d3cab987058451e55c70c5926e93e2ceb68ca5a2334863bb903eb860c9cb",
                "sha256:dabf796c67aa9f5a4fcc956d47f0d48b5c1ed288d628cf53aa1cf08e88654343",
                "sha256:e025f6351e49d48a5aa2f5a09293aa769b0ee7369c25bed551647234b7fa0c75",
                "sha256:e74b6d5ef57bb65bf1b4a37453d8d86d88550dde3fb0f23b1f1a24e60c70af5b",
                "sha256:e7aa61a9cc4f0523373e31fc9255bf4567185a099f85ca3598e64de484da3ab2",
                "sha256:e8158ac8616941f874841f9fa0f6d2f1466178c2ff91ea08353fdc19de0d40c2",
                "sha256:e84a3161149c75bb7a7dc8646384186c34033e286a67fec1ad1bdedea165e7f4",
                "sha256:e943c39c206b04df2eb5d71305761d7c3ca75fd49452115ea92db1b5b98dbdef",
                "sha256:ea2c6a53e28c7066ea7db86fcc0b71d78d01b818bb11d4a4341ec35059885295",
                "sha256:ed4c6ee624ecbc77b18aeeb07bf0700d26571ab95b8f723f0d02e056b5bce438",
                "sha256:ee53a8191271f144cc20b12c19daa9f1546adc84a2f33839e3338039b55c373c",
                "sha256:f0f9bb370449158359bb72a3e12c658327670c0ffe6fbcd1af083152b64f9df0",
                "sha256:f2133de5ba9adc5f481884ccb699eac9ce789708292945c05746880f95b241c0",
                "sha256:f26a05029ecd2bd306b941ff8cb80f7620b7901421052bc429d238305b1cbf2f",
                "sha256:f2aca15e9ad8c8657b5b3d7ae3d1724dc8c1c1059c06b4b674c3aa36305f4930",
                "sha256:f43be2bebbd09360a2f23af83b243dc25ffe7b583ea8c722e6df03e03a55f02f",
                "sha256:f5e3706c32dea077faa42b1c92d825b7f86c866f72532d342e0be5e64d14d858",
                "sha256:f84e33321b68ff00b60e9dbd1a483e31ab6022c577c8de525b8e771bd274ce68",
                "sha256:f961423ff6236a752ced80057a20e623044df95924ed1009f844cde8b3a595f9"
            ],
            "markers": "python_version >= '3.7'",
            "version": "==26.0.2"
        },
        "six": {
            "hashes": [
                "sha256:1e61c37477a1626458e36f7b1d82aa5c9b094fa4802892072e49de9c60c4c926",
                "sha256:8abb2f1d86890a2dfb989f9a77cfcfd3e47c2a354b01111771326f8aa26e0254"
            ],
            "markers": "python_version >= '2.7' and python_version not in '3.0, 3.1, 3.2, 3.3'",
            "version": "==1.16.0"
        },
        "stack-data": {
            "hashes": [
                "sha256:836a778de4fec4dcd1dcd89ed8abff8a221f58308462e1c4aa2a3cf30148f0b9",
                "sha256:d5558e0c25a4cb0853cddad3d77da9891a08cb85dd9f9f91b9f8cd66e511e695"
            ],
            "version": "==0.6.3"
        },
        "tornado": {
            "hashes": [
                "sha256:02ccefc7d8211e5a7f9e8bc3f9e5b0ad6262ba2fbb683a6443ecc804e5224ce0",
                "sha256:10aeaa8006333433da48dec9fe417877f8bcc21f48dda8d661ae79da357b2a63",
                "sha256:27787de946a9cffd63ce5814c33f734c627a87072ec7eed71f7fc4417bb16263",
                "sha256:6f8a6c77900f5ae93d8b4ae1196472d0ccc2775cc1dfdc9e7727889145c45052",
                "sha256:71ddfc23a0e03ef2df1c1397d859868d158c8276a0603b96cf86892bff58149f",
                "sha256:72291fa6e6bc84e626589f1c29d90a5a6d593ef5ae68052ee2ef000dfd273dee",
                "sha256:88b84956273fbd73420e6d4b8d5ccbe913c65d31351b4c004ae362eba06e1f78",
                "sha256:e43bc2e5370a6a8e413e1e1cd0c91bedc5bd62a74a532371042a18ef19e10579",
                "sha256:f0251554cdd50b4b44362f73ad5ba7126fc5b2c2895cc62b14a1c2d7ea32f212",
                "sha256:f7894c581ecdcf91666a0912f18ce5e757213999e183ebfc2c3fdbf4d5bd764e",
                "sha256:fd03192e287fbd0899dd8f81c6fb9cbbc69194d2074b38f384cb6fa72b80e9c2"
            ],
            "markers": "python_version >= '3.8'",
            "version": "==6.4"
        },
        "traitlets": {
            "hashes": [
                "sha256:9ed0579d3502c94b4b3732ac120375cda96f923114522847de4b3bb98b96b6b7",
                "sha256:b74e89e397b1ed28cc831db7aea759ba6640cb3de13090ca145426688ff1ac4f"
            ],
            "markers": "python_version >= '3.8'",
            "version": "==5.14.3"
        },
        "typing-extensions": {
            "hashes": [
                "sha256:83f085bd5ca59c80295fc2a82ab5dac679cbe02b9f33f7d83af68e241bea51b0",
                "sha256:c1f94d72897edaf4ce775bb7558d5b79d8126906a14ea5ed1635921406c0387a"
            ],
            "markers": "python_version < '3.12'",
            "version": "==4.11.0"
        },
        "tzdata": {
            "hashes": [
                "sha256:2674120f8d891909751c38abcdfd386ac0a5a1127954fbc332af6b5ceae07efd",
                "sha256:9068bc196136463f5245e51efda838afa15aaeca9903f49050dfa2679db4d252"
            ],
            "markers": "python_version >= '2'",
            "version": "==2024.1"
        },
        "wcwidth": {
            "hashes": [
                "sha256:3da69048e4540d84af32131829ff948f1e022c1c6bdb8d6102117aac784f6859",
                "sha256:72ea0c06399eb286d978fdedb6923a9eb47e1c486ce63e9b4e64fc18303972b5"
            ],
            "version": "==0.2.13"
        }
    }
}
