{
    "_meta": {
        "hash": {
            "sha256": "6879d19a9a9d5fbd8dedaebe102d5dff4a3d0e417cbf55cef0d2dad51eaa5715"
        },
        "pipfile-spec": 6,
        "requires": {
            "python_version": "3.11"
        },
        "sources": [
            {
                "name": "pypi",
                "url": "https://pypi.org/simple",
                "verify_ssl": true
            }
        ]
    },
    "default": {
        "py4j": {
            "hashes": [
                "sha256:0b6e5315bb3ada5cf62ac651d107bb2ebc02def3dee9d9548e3baac644ea8dbb",
                "sha256:85defdfd2b2376eb3abf5ca6474b51ab7e0de341c75a02f46dc9b5976f5a5c1b"
            ],
            "version": "==0.10.9.7"
        },
        "pyspark": {
            "hashes": [
                "sha256:dd6569e547365eadc4f887bf57f153e4d582a68c4b490de475d55b9981664910"
            ],
            "index": "pypi",
            "markers": "python_version >= '3.8'",
            "version": "==3.5.1"
        }
    },
    "develop": {
        "build": {
            "hashes": [
                "sha256:526263f4870c26f26c433545579475377b2b7588b6f1eac76a001e873ae3e19d",
                "sha256:75e10f767a433d9a86e50d83f418e83efc18ede923ee5ff7df93b6cb0306c5d4"
            ],
            "index": "pypi",
            "markers": "python_version >= '3.8'",
            "version": "==1.2.1"
        },
        "kafka-python": {
            "hashes": [
                "sha256:04dfe7fea2b63726cd6f3e79a2d86e709d608d74406638c5da33a01d45a9d7e3",
                "sha256:2d92418c7cb1c298fa6c7f0fb3519b520d0d7526ac6cb7ae2a4fc65a51a94b6e"
            ],
            "index": "pypi",
            "version": "==2.0.2"
        },
        "packaging": {
            "hashes": [
                "sha256:2ddfb553fdf02fb784c234c7ba6ccc288296ceabec964ad2eae3777778130bc5",
                "sha256:eb82c5e3e56209074766e6885bb04b8c38a0c015d0a30036ebe7ece34c9989e9"
            ],
            "markers": "python_version >= '3.7'",
            "version": "==24.0"
        },
        "pyproject-hooks": {
            "hashes": [
                "sha256:283c11acd6b928d2f6a7c73fa0d01cb2bdc5f07c57a2eeb6e83d5e56b97976f8",
                "sha256:f271b298b97f5955d53fb12b72c1fb1948c22c1a6b70b315c54cedaca0264ef5"
            ],
            "markers": "python_version >= '3.7'",
            "version": "==1.0.0"
        }
    }
}
